
Microsoft Visual Studio Solution File, Format Version 12.00
# Visual Studio Version 17
VisualStudioVersion = 17.11.35327.3
MinimumVisualStudioVersion = 10.0.40219.1
Project("{FAE04EC0-301F-11D3-BF4B-00C04F79EFBC}") = "Servico", "Servico\Servico.csproj", "{7A49BF7B-5BC1-4E57-8832-0A27060D9C15}"
EndProject
Project("{9A19103F-16F7-4668-BE54-9A1E7A4F7556}") = "ServicoUI", "..\..\..\Documents\ServicoUI\ServicoUI\ServicoUI.csproj", "{2FBE0B3C-6D28-4F52-8107-A180D26DDD32}"
EndProject
Global
	GlobalSection(SolutionConfigurationPlatforms) = preSolution
		Debug|Any CPU = Debug|Any CPU
		Release|Any CPU = Release|Any CPU
	EndGlobalSection
	GlobalSection(ProjectConfigurationPlatforms) = postSolution
		{7A49BF7B-5BC1-4E57-8832-0A27060D9C15}.Debug|Any CPU.ActiveCfg = Debug|Any CPU
		{7A49BF7B-5BC1-4E57-8832-0A27060D9C15}.Debug|Any CPU.Build.0 = Debug|Any CPU
		{7A49BF7B-5BC1-4E57-8832-0A27060D9C15}.Release|Any CPU.ActiveCfg = Release|Any CPU
		{7A49BF7B-5BC1-4E57-8832-0A27060D9C15}.Release|Any CPU.Build.0 = Release|Any CPU
		{2FBE0B3C-6D28-4F52-8107-A180D26DDD32}.Debug|Any CPU.ActiveCfg = Debug|Any CPU
		{2FBE0B3C-6D28-4F52-8107-A180D26DDD32}.Debug|Any CPU.Build.0 = Debug|Any CPU
		{2FBE0B3C-6D28-4F52-8107-A180D26DDD32}.Release|Any CPU.ActiveCfg = Release|Any CPU
		{2FBE0B3C-6D28-4F52-8107-A180D26DDD32}.Release|Any CPU.Build.0 = Release|Any CPU
	EndGlobalSection
	GlobalSection(SolutionProperties) = preSolution
		HideSolutionNode = FALSE
	EndGlobalSection
	GlobalSection(ExtensibilityGlobals) = postSolution
		SolutionGuid = {841625EE-1347-4172-9AE7-D10441117C4F}
	EndGlobalSection
EndGlobal
